// !$*UTF8*$!
{
	archiveVersion = 1;
	classes = {
	};
	objectVersion = 77;
	objects = {

/* Begin PBXContainerItemProxy section */
		DC7D1AD42E1C4C9600100D1B /* PBXContainerItemProxy */ = {
			isa = PBXContainerItemProxy;
			containerPortal = DC7D1ABE2E1C4C9300100D1B /* Project object */;
			proxyType = 1;
			remoteGlobalIDString = DC7D1AC52E1C4C9300100D1B;
			remoteInfo = NewbieGainz;
		};
		DC7D1ADE2E1C4C9600100D1B /* PBXContainerItemProxy */ = {
			isa = PBXContainerItemProxy;
			containerPortal = DC7D1ABE2E1C4C9300100D1B /* Project object */;
			proxyType = 1;
			remoteGlobalIDString = DC7D1AC52E1C4C9300100D1B;
			remoteInfo = NewbieGainz;
		};
/* End PBXContainerItemProxy section */

/* Begin PBXFileReference section */
		DC7D1AC62E1C4C9300100D1B /* NewbieGainz.app */ = {isa = PBXFileReference; explicitFileType = wrapper.application; includeInIndex = 0; path = NewbieGainz.app; sourceTree = BUILT_PRODUCTS_DIR; };
		DC7D1AD32E1C4C9600100D1B /* NewbieGainzTests.xctest */ = {isa = PBXFileReference; explicitFileType = wrapper.cfbundle; includeInIndex = 0; path = NewbieGainzTests.xctest; sourceTree = BUILT_PRODUCTS_DIR; };
		DC7D1ADD2E1C4C9600100D1B /* NewbieGainzUITests.xctest */ = {isa = PBXFileReference; explicitFileType = wrapper.cfbundle; includeInIndex = 0; path = NewbieGainzUITests.xctest; sourceTree = BUILT_PRODUCTS_DIR; };
		DC7D1B4A2E2ECC7200100D1B /* Head Injury Chat Bot.xcodeproj */ = {isa = PBXFileReference; lastKnownFileType = "wrapper.pb-project"; path = "Head Injury Chat Bot.xcodeproj"; sourceTree = "<group>"; };
/* End PBXFileReference section */

/* Begin PBXFileSystemSynchronizedRootGroup section */
		DC7D1AC82E1C4C9300100D1B /* NewbieGainz */ = {
			isa = PBXFileSystemSynchronizedRootGroup;
			path = NewbieGainz;
			sourceTree = "<group>";
		};
		DC7D1AD62E1C4C9600100D1B /* NewbieGainzTests */ = {
			isa = PBXFileSystemSynchronizedRootGroup;
			path = NewbieGainzTests;
			sourceTree = "<group>";
		};
		DC7D1AE02E1C4C9600100D1B /* NewbieGainzUITests */ = {
			isa = PBXFileSystemSynchronizedRootGroup;
			path = NewbieGainzUITests;
			sourceTree = "<group>";
		};
/* End PBXFileSystemSynchronizedRootGroup section */

/* Begin PBXFrameworksBuildPhase section */
		DC7D1AC32E1C4C9300100D1B /* Frameworks */ = {
			isa = PBXFrameworksBuildPhase;
			buildActionMask = 2147483647;
			files = (
			);
			runOnlyForDeploymentPostprocessing = 0;
		};
		DC7D1AD02E1C4C9600100D1B /* Frameworks */ = {
			isa = PBXFrameworksBuildPhase;
			buildActionMask = 2147483647;
			files = (
			);
			runOnlyForDeploymentPostprocessing = 0;
		};
		DC7D1ADA2E1C4C9600100D1B /* Frameworks */ = {
			isa = PBXFrameworksBuildPhase;
			buildActionMask = 2147483647;
			files = (
			);
			runOnlyForDeploymentPostprocessing = 0;
		};
/* End PBXFrameworksBuildPhase section */

/* Begin PBXGroup section */
		DC7D1ABD2E1C4C9300100D1B = {
			isa = PBXGroup;
			children = (
				DC7D1AC82E1C4C9300100D1B /* NewbieGainz */,
				DC7D1AD62E1C4C9600100D1B /* NewbieGainzTests */,
				DC7D1AE02E1C4C9600100D1B /* NewbieGainzUITests */,
				DC7D1AC72E1C4C9300100D1B /* Products */,
			);
			sourceTree = "<group>";
		};
		DC7D1AC72E1C4C9300100D1B /* Products */ = {
			isa = PBXGroup;
			children = (
				DC7D1AC62E1C4C9300100D1B /* NewbieGainz.app */,
				DC7D1AD32E1C4C9600100D1B /* NewbieGainzTests.xctest */,
				DC7D1ADD2E1C4C9600100D1B /* NewbieGainzUITests.xctest */,
			);
			name = Products;
			sourceTree = "<group>";
		};
		DC7D1B4C2E2ECC7200100D1B /* Products */ = {
			isa = PBXGroup;
			children = (
			);
			name = Products;
			sourceTree = "<group>";
		};
/* End PBXGroup section */

/* Begin PBXNativeTarget section */
		DC7D1AC52E1C4C9300100D1B /* NewbieGainz */ = {
			isa = PBXNativeTarget;
			buildConfigurationList = DC7D1AE72E1C4C9600100D1B /* Build configuration list for PBXNativeTarget "NewbieGainz" */;
			buildPhases = (
				DC7D1AC22E1C4C9300100D1B /* Sources */,
				DC7D1AC32E1C4C9300100D1B /* Frameworks */,
				DC7D1AC42E1C4C9300100D1B /* Resources */,
			);
			buildRules = (
			);
			dependencies = (
			);
			fileSystemSynchronizedGroups = (
				DC7D1AC82E1C4C9300100D1B /* NewbieGainz */,
			);
			name = NewbieGainz;
			packageProductDependencies = (
			);
			productName = NewbieGainz;
			productReference = DC7D1AC62E1C4C9300100D1B /* NewbieGainz.app */;
			productType = "com.apple.product-type.application";
		};
		DC7D1AD22E1C4C9600100D1B /* NewbieGainzTests */ = {
			isa = PBXNativeTarget;
			buildConfigurationList = DC7D1AEA2E1C4C9600100D1B /* Build configuration list for PBXNativeTarget "NewbieGainzTests" */;
			buildPhases = (
				DC7D1ACF2E1C4C9600100D1B /* Sources */,
				DC7D1AD02E1C4C9600100D1B /* Frameworks */,
				DC7D1AD12E1C4C9600100D1B /* Resources */,
			);
			buildRules = (
			);
			dependencies = (
				DC7D1AD52E1C4C9600100D1B /* PBXTargetDependency */,
			);
			fileSystemSynchronizedGroups = (
				DC7D1AD62E1C4C9600100D1B /* NewbieGainzTests */,
			);
			name = NewbieGainzTests;
			packageProductDependencies = (
			);
			productName = NewbieGainzTests;
			productReference = DC7D1AD32E1C4C9600100D1B /* NewbieGainzTests.xctest */;
			productType = "com.apple.product-type.bundle.unit-test";
		};
		DC7D1ADC2E1C4C9600100D1B /* NewbieGainzUITests */ = {
			isa = PBXNativeTarget;
			buildConfigurationList = DC7D1AED2E1C4C9600100D1B /* Build configuration list for PBXNativeTarget "NewbieGainzUITests" */;
			buildPhases = (
				DC7D1AD92E1C4C9600100D1B /* Sources */,
				DC7D1ADA2E1C4C9600100D1B /* Frameworks */,
				DC7D1ADB2E1C4C9600100D1B /* Resources */,
			);
			buildRules = (
			);
			dependencies = (
				DC7D1ADF2E1C4C9600100D1B /* PBXTargetDependency */,
			);
			fileSystemSynchronizedGroups = (
				DC7D1AE02E1C4C9600100D1B /* NewbieGainzUITests */,
			);
			name = NewbieGainzUITests;
			packageProductDependencies = (
			);
			productName = NewbieGainzUITests;
			productReference = DC7D1ADD2E1C4C9600100D1B /* NewbieGainzUITests.xctest */;
			productType = "com.apple.product-type.bundle.ui-testing";
		};
/* End PBXNativeTarget section */

/* Begin PBXProject section */
		DC7D1ABE2E1C4C9300100D1B /* Project object */ = {
			isa = PBXProject;
			attributes = {
				BuildIndependentTargetsInParallel = 1;
				LastSwiftUpdateCheck = 1640;
				LastUpgradeCheck = 1640;
				TargetAttributes = {
					DC7D1AC52E1C4C9300100D1B = {
						CreatedOnToolsVersion = 16.4;
					};
					DC7D1AD22E1C4C9600100D1B = {
						CreatedOnToolsVersion = 16.4;
						TestTargetID = DC7D1AC52E1C4C9300100D1B;
					};
					DC7D1ADC2E1C4C9600100D1B = {
						CreatedOnToolsVersion = 16.4;
						TestTargetID = DC7D1AC52E1C4C9300100D1B;
					};
				};
			};
			buildConfigurationList = DC7D1AC12E1C4C9300100D1B /* Build configuration list for PBXProject "NewbieGainz" */;
			developmentRegion = en;
			hasScannedForEncodings = 0;
			knownRegions = (
				en,
				Base,
			);
			mainGroup = DC7D1ABD2E1C4C9300100D1B;
			minimizedProjectReferenceProxies = 1;
			preferredProjectObjectVersion = 77;
			productRefGroup = DC7D1AC72E1C4C9300100D1B /* Products */;
			projectDirPath = "";
			projectReferences = (
				{
					ProductGroup = DC7D1B4C2E2ECC7200100D1B /* Products */;
					ProjectRef = DC7D1B4A2E2ECC7200100D1B /* Head Injury Chat Bot.xcodeproj */;
				},
			);
			projectRoot = "";
			targets = (
				DC7D1AC52E1C4C9300100D1B /* NewbieGainz */,
				DC7D1AD22E1C4C9600100D1B /* NewbieGainzTests */,
				DC7D1ADC2E1C4C9600100D1B /* NewbieGainzUITests */,
			);
		};
/* End PBXProject section */

/* Begin PBXResourcesBuildPhase section */
		DC7D1AC42E1C4C9300100D1B /* Resources */ = {
			isa = PBXResourcesBuildPhase;
			buildActionMask = 2147483647;
			files = (
			);
			runOnlyForDeploymentPostprocessing = 0;
		};
		DC7D1AD12E1C4C9600100D1B /* Resources */ = {
			isa = PBXResourcesBuildPhase;
			buildActionMask = 2147483647;
			files = (
			);
			runOnlyForDeploymentPostprocessing = 0;
		};
		DC7D1ADB2E1C4C9600100D1B /* Resources */ = {
			isa = PBXResourcesBuildPhase;
			buildActionMask = 2147483647;
			files = (
			);
			runOnlyForDeploymentPostprocessing = 0;
		};
/* End PBXResourcesBuildPhase section */

/* Begin PBXSourcesBuildPhase section */
		DC7D1AC22E1C4C9300100D1B /* Sources */ = {
			isa = PBXSourcesBuildPhase;
			buildActionMask = 2147483647;
			files = (
			);
			runOnlyForDeploymentPostprocessing = 0;
		};
		DC7D1ACF2E1C4C9600100D1B /* Sources */ = {
			isa = PBXSourcesBuildPhase;
			buildActionMask = 2147483647;
			files = (
			);
			runOnlyForDeploymentPostprocessing = 0;
		};
		DC7D1AD92E1C4C9600100D1B /* Sources */ = {
			isa = PBXSourcesBuildPhase;
			buildActionMask = 2147483647;
			files = (
			);
			runOnlyForDeploymentPostprocessing = 0;
		};
/* End PBXSourcesBuildPhase section */

/* Begin PBXTargetDependency section */
		DC7D1AD52E1C4C9600100D1B /* PBXTargetDependency */ = {
			isa = PBXTargetDependency;
			target = DC7D1AC52E1C4C9300100D1B /* NewbieGainz */;
			targetProxy = DC7D1AD42E1C4C9600100D1B /* PBXContainerItemProxy */;
		};
		DC7D1ADF2E1C4C9600100D1B /* PBXTargetDependency */ = {
			isa = PBXTargetDependency;
			target = DC7D1AC52E1C4C9300100D1B /* NewbieGainz */;
			targetProxy = DC7D1ADE2E1C4C9600100D1B /* PBXContainerItemProxy */;
		};
/* End PBXTargetDependency section */

/* Begin XCBuildConfiguration section */
		DC7D1AE52E1C4C9600100D1B /* Debug */ = {
			isa = XCBuildConfiguration;
			buildSettings = {
				ALWAYS_SEARCH_USER_PATHS = NO;
				ASSETCATALOG_COMPILER_GENERATE_SWIFT_ASSET_SYMBOL_EXTENSIONS = YES;
				CLANG_ANALYZER_NONNULL = YES;
				CLANG_ANALYZER_NUMBER_OBJECT_CONVERSION = YES_AGGRESSIVE;
				CLANG_CXX_LANGUAGE_STANDARD = "gnu++20";
				CLANG_ENABLE_MODULES = YES;
				CLANG_ENABLE_OBJC_ARC = YES;
				CLANG_ENABLE_OBJC_WEAK = YES;
				CLANG_WARN_BLOCK_CAPTURE_AUTORELEASING = YES;
				CLANG_WARN_BOOL_CONVERSION = YES;
				CLANG_WARN_COMMA = YES;
				CLANG_WARN_CONSTANT_CONVERSION = YES;
				CLANG_WARN_DEPRECATED_OBJC_IMPLEMENTATIONS = YES;
				CLANG_WARN_DIRECT_OBJC_ISA_USAGE = YES_ERROR;
				CLANG_WARN_DOCUMENTATION_COMMENTS = YES;
				CLANG_WARN_EMPTY_BODY = YES;
				CLANG_WARN_ENUM_CONVERSION = YES;
				CLANG_WARN_INFINITE_RECURSION = YES;
				CLANG_WARN_INT_CONVERSION = YES;
				CLANG_WARN_NON_LITERAL_NULL_CONVERSION = YES;
				CLANG_WARN_OBJC_IMPLICIT_RETAIN_SELF = YES;
				CLANG_WARN_OBJC_LITERAL_CONVERSION = YES;
				CLANG_WARN_OBJC_ROOT_CLASS = YES_ERROR;
				CLANG_WARN_QUOTED_INCLUDE_IN_FRAMEWORK_HEADER = YES;
				CLANG_WARN_RANGE_LOOP_ANALYSIS = YES;
				CLANG_WARN_STRICT_PROTOTYPES = YES;
				CLANG_WARN_SUSPICIOUS_MOVE = YES;
				CLANG_WARN_UNGUARDED_AVAILABILITY = YES_AGGRESSIVE;
				CLANG_WARN_UNREACHABLE_CODE = YES;
				CLANG_WARN__DUPLICATE_METHOD_MATCH = YES;
				COPY_PHASE_STRIP = NO;
				DEBUG_INFORMATION_FORMAT = dwarf;
				ENABLE_STRICT_OBJC_MSGSEND = YES;
				ENABLE_TESTABILITY = YES;
				ENABLE_USER_SCRIPT_SANDBOXING = YES;
				GCC_C_LANGUAGE_STANDARD = gnu17;
				GCC_DYNAMIC_NO_PIC = NO;
				GCC_NO_COMMON_BLOCKS = YES;
				GCC_OPTIMIZATION_LEVEL = 0;
				GCC_PREPROCESSOR_DEFINITIONS = (
					"DEBUG=1",
					"$(inherited)",
				);
				GCC_WARN_64_TO_32_BIT_CONVERSION = YES;
				GCC_WARN_ABOUT_RETURN_TYPE = YES_ERROR;
				GCC_WARN_UNDECLARED_SELECTOR = YES;
				GCC_WARN_UNINITIALIZED_AUTOS = YES_AGGRESSIVE;
				GCC_WARN_UNUSED_FUNCTION = YES;
				GCC_WARN_UNUSED_VARIABLE = YES;
				IPHONEOS_DEPLOYMENT_TARGET = 18.5;
				LOCALIZATION_PREFERS_STRING_CATALOGS = YES;
				MTL_ENABLE_DEBUG_INFO = INCLUDE_SOURCE;
				MTL_FAST_MATH = YES;
				ONLY_ACTIVE_ARCH = YES;
				SDKROOT = iphoneos;
				SWIFT_ACTIVE_COMPILATION_CONDITIONS = "DEBUG $(inherited)";
				SWIFT_OPTIMIZATION_LEVEL = "-Onone";
			};
			name = Debug;
		};
		DC7D1AE62E1C4C9600100D1B /* Release */ = {
			isa = XCBuildConfiguration;
			buildSettings = {
				ALWAYS_SEARCH_USER_PATHS = NO;
				ASSETCATALOG_COMPILER_GENERATE_SWIFT_ASSET_SYMBOL_EXTENSIONS = YES;
				CLANG_ANALYZER_NONNULL = YES;
				CLANG_ANALYZER_NUMBER_OBJECT_CONVERSION = YES_AGGRESSIVE;
				CLANG_CXX_LANGUAGE_STANDARD = "gnu++20";
				CLANG_ENABLE_MODULES = YES;
				CLANG_ENABLE_OBJC_ARC = YES;
				CLANG_ENABLE_OBJC_WEAK = YES;
				CLANG_WARN_BLOCK_CAPTURE_AUTORELEASING = YES;
				CLANG_WARN_BOOL_CONVERSION = YES;
				CLANG_WARN_COMMA = YES;
				CLANG_WARN_CONSTANT_CONVERSION = YES;
				CLANG_WARN_DEPRECATED_OBJC_IMPLEMENTATIONS = YES;
				CLANG_WARN_DIRECT_OBJC_ISA_USAGE = YES_ERROR;
				CLANG_WARN_DOCUMENTATION_COMMENTS = YES;
				CLANG_WARN_EMPTY_BODY = YES;
				CLANG_WARN_ENUM_CONVERSION = YES;
				CLANG_WARN_INFINITE_RECURSION = YES;
				CLANG_WARN_INT_CONVERSION = YES;
				CLANG_WARN_NON_LITERAL_NULL_CONVERSION = YES;
				CLANG_WARN_OBJC_IMPLICIT_RETAIN_SELF = YES;
				CLANG_WARN_OBJC_LITERAL_CONVERSION = YES;
				CLANG_WARN_OBJC_ROOT_CLASS = YES_ERROR;
				CLANG_WARN_QUOTED_INCLUDE_IN_FRAMEWORK_HEADER = YES;
				CLANG_WARN_RANGE_LOOP_ANALYSIS = YES;
				CLANG_WARN_STRICT_PROTOTYPES = YES;
				CLANG_WARN_SUSPICIOUS_MOVE = YES;
				CLANG_WARN_UNGUARDED_AVAILABILITY = YES_AGGRESSIVE;
				CLANG_WARN_UNREACHABLE_CODE = YES;
				CLANG_WARN__DUPLICATE_METHOD_MATCH = YES;
				COPY_PHASE_STRIP = NO;
				DEBUG_INFORMATION_FORMAT = "dwarf-with-dsym";
				ENABLE_NS_ASSERTIONS = NO;
				ENABLE_STRICT_OBJC_MSGSEND = YES;
				ENABLE_USER_SCRIPT_SANDBOXING = YES;
				GCC_C_LANGUAGE_STANDARD = gnu17;
				GCC_NO_COMMON_BLOCKS = YES;
				GCC_WARN_64_TO_32_BIT_CONVERSION = YES;
				GCC_WARN_ABOUT_RETURN_TYPE = YES_ERROR;
				GCC_WARN_UNDECLARED_SELECTOR = YES;
				GCC_WARN_UNINITIALIZED_AUTOS = YES_AGGRESSIVE;
				GCC_WARN_UNUSED_FUNCTION = YES;
				GCC_WARN_UNUSED_VARIABLE = YES;
				IPHONEOS_DEPLOYMENT_TARGET = 18.5;
				LOCALIZATION_PREFERS_STRING_CATALOGS = YES;
				MTL_ENABLE_DEBUG_INFO = NO;
				MTL_FAST_MATH = YES;
				SDKROOT = iphoneos;
				SWIFT_COMPILATION_MODE = wholemodule;
				VALIDATE_PRODUCT = YES;
			};
			name = Release;
		};
		DC7D1AE82E1C4C9600100D1B /* Debug */ = {
			isa = XCBuildConfiguration;
			buildSettings = {
				ASSETCATALOG_COMPILER_APPICON_NAME = AppIcon;
				ASSETCATALOG_COMPILER_GLOBAL_ACCENT_COLOR_NAME = AccentColor;
				CODE_SIGN_STYLE = Automatic;
				CURRENT_PROJECT_VERSION = 1;
				ENABLE_PREVIEWS = YES;
				GENERATE_INFOPLIST_FILE = YES;
				INFOPLIST_KEY_UIApplicationSceneManifest_Generation = YES;
				INFOPLIST_KEY_UIApplicationSupportsIndirectInputEvents = YES;
				INFOPLIST_KEY_UILaunchScreen_Generation = YES;
				INFOPLIST_KEY_UISupportedInterfaceOrientations_iPad = "UIInterfaceOrientationPortrait UIInterfaceOrientationPortraitUpsideDown UIInterfaceOrientationLandscapeLeft UIInterfaceOrientationLandscapeRight";
				INFOPLIST_KEY_UISupportedInterfaceOrientations_iPhone = "UIInterfaceOrientationPortrait UIInterfaceOrientationLandscapeLeft UIInterfaceOrientationLandscapeRight";
				LD_RUNPATH_SEARCH_PATHS = (
					"$(inherited)",
					"@executable_path/Frameworks",
				);
				MARKETING_VERSION = 1.0;
				PRODUCT_BUNDLE_IDENTIFIER = com.clovis.NewbieGainz;
				PRODUCT_NAME = "$(TARGET_NAME)";
				SWIFT_EMIT_LOC_STRINGS = YES;
				SWIFT_VERSION = 5.0;
				TARGETED_DEVICE_FAMILY = "1,2";
			};
			name = Debug;
		};
		DC7D1AE92E1C4C9600100D1B /* Release */ = {
			isa = XCBuildConfiguration;
			buildSettings = {
				ASSETCATALOG_COMPILER_APPICON_NAME = AppIcon;
				ASSETCATALOG_COMPILER_GLOBAL_ACCENT_COLOR_NAME = AccentColor;
				CODE_SIGN_STYLE = Automatic;
				CURRENT_PROJECT_VERSION = 1;
				ENABLE_PREVIEWS = YES;
				GENERATE_INFOPLIST_FILE = YES;
				INFOPLIST_KEY_UIApplicationSceneManifest_Generation = YES;
				INFOPLIST_KEY_UIApplicationSupportsIndirectInputEvents = YES;
				INFOPLIST_KEY_UILaunchScreen_Generation = YES;
				INFOPLIST_KEY_UISupportedInterfaceOrientations_iPad = "UIInterfaceOrientationPortrait UIInterfaceOrientationPortraitUpsideDown UIInterfaceOrientationLandscapeLeft UIInterfaceOrientationLandscapeRight";
				INFOPLIST_KEY_UISupportedInterfaceOrientations_iPhone = "UIInterfaceOrientationPortrait UIInterfaceOrientationLandscapeLeft UIInterfaceOrientationLandscapeRight";
				LD_RUNPATH_SEARCH_PATHS = (
					"$(inherited)",
					"@executable_path/Frameworks",
				);
				MARKETING_VERSION = 1.0;
				PRODUCT_BUNDLE_IDENTIFIER = com.clovis.NewbieGainz;
				PRODUCT_NAME = "$(TARGET_NAME)";
				SWIFT_EMIT_LOC_STRINGS = YES;
				SWIFT_VERSION = 5.0;
				TARGETED_DEVICE_FAMILY = "1,2";
			};
			name = Release;
		};
		DC7D1AEB2E1C4C9600100D1B /* Debug */ = {
			isa = XCBuildConfiguration;
			buildSettings = {
				BUNDLE_LOADER = "$(TEST_HOST)";
				CODE_SIGN_STYLE = Automatic;
				CURRENT_PROJECT_VERSION = 1;
				GENERATE_INFOPLIST_FILE = YES;
				IPHONEOS_DEPLOYMENT_TARGET = 18.5;
				MARKETING_VERSION = 1.0;
				PRODUCT_BUNDLE_IDENTIFIER = com.clovis.NewbieGainzTests;
				PRODUCT_NAME = "$(TARGET_NAME)";
				SWIFT_EMIT_LOC_STRINGS = NO;
				SWIFT_VERSION = 5.0;
				TARGETED_DEVICE_FAMILY = "1,2";
				TEST_HOST = "$(BUILT_PRODUCTS_DIR)/NewbieGainz.app/$(BUNDLE_EXECUTABLE_FOLDER_PATH)/NewbieGainz";
			};
			name = Debug;
		};
		DC7D1AEC2E1C4C9600100D1B /* Release */ = {
			isa = XCBuildConfiguration;
			buildSettings = {
				BUNDLE_LOADER = "$(TEST_HOST)";
				CODE_SIGN_STYLE = Automatic;
				CURRENT_PROJECT_VERSION = 1;
				GENERATE_INFOPLIST_FILE = YES;
				IPHONEOS_DEPLOYMENT_TARGET = 18.5;
				MARKETING_VERSION = 1.0;
				PRODUCT_BUNDLE_IDENTIFIER = com.clovis.NewbieGainzTests;
				PRODUCT_NAME = "$(TARGET_NAME)";
				SWIFT_EMIT_LOC_STRINGS = NO;
				SWIFT_VERSION = 5.0;
				TARGETED_DEVICE_FAMILY = "1,2";
				TEST_HOST = "$(BUILT_PRODUCTS_DIR)/NewbieGainz.app/$(BUNDLE_EXECUTABLE_FOLDER_PATH)/NewbieGainz";
			};
			name = Release;
		};
		DC7D1AEE2E1C4C9600100D1B /* Debug */ = {
			isa = XCBuildConfiguration;
			buildSettings = {
				CODE_SIGN_STYLE = Automatic;
				CURRENT_PROJECT_VERSION = 1;
				GENERATE_INFOPLIST_FILE = YES;
				MARKETING_VERSION = 1.0;
				PRODUCT_BUNDLE_IDENTIFIER = com.clovis.NewbieGainzUITests;
				PRODUCT_NAME = "$(TARGET_NAME)";
				SWIFT_EMIT_LOC_STRINGS = NO;
				SWIFT_VERSION = 5.0;
				TARGETED_DEVICE_FAMILY = "1,2";
				TEST_TARGET_NAME = NewbieGainz;
			};
			name = Debug;
		};
		DC7D1AEF2E1C4C9600100D1B /* Release */ = {
			isa = XCBuildConfiguration;
			buildSettings = {
				CODE_SIGN_STYLE = Automatic;
				CURRENT_PROJECT_VERSION = 1;
				GENERATE_INFOPLIST_FILE = YES;
				MARKETING_VERSION = 1.0;
				PRODUCT_BUNDLE_IDENTIFIER = com.clovis.NewbieGainzUITests;
				PRODUCT_NAME = "$(TARGET_NAME)";
				SWIFT_EMIT_LOC_STRINGS = NO;
				SWIFT_VERSION = 5.0;
				TARGETED_DEVICE_FAMILY = "1,2";
				TEST_TARGET_NAME = NewbieGainz;
			};
			name = Release;
		};
/* End XCBuildConfiguration section */

/* Begin XCConfigurationList section */
		DC7D1AC12E1C4C9300100D1B /* Build configuration list for PBXProject "NewbieGainz" */ = {
			isa = XCConfigurationList;
			buildConfigurations = (
				DC7D1AE52E1C4C9600100D1B /* Debug */,
				DC7D1AE62E1C4C9600100D1B /* Release */,
			);
			defaultConfigurationIsVisible = 0;
			defaultConfigurationName = Release;
		};
		DC7D1AE72E1C4C9600100D1B /* Build configuration list for PBXNativeTarget "NewbieGainz" */ = {
			isa = XCConfigurationList;
			buildConfigurations = (
				DC7D1AE82E1C4C9600100D1B /* Debug */,
				DC7D1AE92E1C4C9600100D1B /* Release */,
			);
			defaultConfigurationIsVisible = 0;
			defaultConfigurationName = Release;
		};
		DC7D1AEA2E1C4C9600100D1B /* Build configuration list for PBXNativeTarget "NewbieGainzTests" */ = {
			isa = XCConfigurationList;
			buildConfigurations = (
				DC7D1AEB2E1C4C9600100D1B /* Debug */,
				DC7D1AEC2E1C4C9600100D1B /* Release */,
			);
			defaultConfigurationIsVisible = 0;
			defaultConfigurationName = Release;
		};
		DC7D1AED2E1C4C9600100D1B /* Build configuration list for PBXNativeTarget "NewbieGainzUITests" */ = {
			isa = XCConfigurationList;
			buildConfigurations = (
				DC7D1AEE2E1C4C9600100D1B /* Debug */,
				DC7D1AEF2E1C4C9600100D1B /* Release */,
			);
			defaultConfigurationIsVisible = 0;
			defaultConfigurationName = Release;
		};
/* End XCConfigurationList section */
	};
	rootObject = DC7D1ABE2E1C4C9300100D1B /* Project object */;
}
